{
  "nodes": {
    "hugo-theme-anubis": {
      "flake": false,
      "locked": {
        "lastModified": 1693734155,
        "narHash": "sha256-/saWnt2ryheBvW9aHqpjAE4aNBhEhkrD62Ch8CI2GvM=",
        "owner": "mitrichius",
        "repo": "hugo-theme-anubis",
        "rev": "e4e2c0bc4145ee152a32fdd940ed398ab0b77e6c",
        "type": "github"
      },
      "original": {
        "owner": "mitrichius",
        "repo": "hugo-theme-anubis",
        "type": "github"
      }
    },
    "nixpkgs": {
      "locked": {
        "lastModified": 1694499547,
        "narHash": "sha256-R7xMz1Iia6JthWRHDn36s/E248WB1/je62ovC/dUVKI=",
        "path": "/nix/store/zxh6mqr25a59giy1a0ca37njv92lv9hy-source",
        "rev": "e5f018cf150e29aac26c61dac0790ea023c46b24",
        "type": "path"
      },
      "original": {
        "id": "nixpkgs",
        "type": "indirect"
      }
    },
    "root": {
      "inputs": {
        "hugo-theme-anubis": "hugo-theme-anubis",
        "nixpkgs": "nixpkgs"
      }
    }
  },
  "root": "root",
  "version": 7
}
